
Microsoft Visual Studio Solution File, Format Version 11.00
# Visual Studio 2010
Project("{FAE04EC0-301F-11D3-BF4B-00C04F79EFBC}") = "Assembly-CSharp", "Assembly-CSharp.csproj", "{cb047590-f7fd-6163-fd50-b570163e9f38}"
EndProject
Project("{FAE04EC0-301F-11D3-BF4B-00C04F79EFBC}") = "Assembly-CSharp-Editor", "Assembly-CSharp-Editor.csproj", "{e1ff029e-46dc-d2c4-d046-22453718b09a}"
EndProject
Project("{FAE04EC0-301F-11D3-BF4B-00C04F79EFBC}") = "Sirenix.OdinInspector.Modules.UnityMathematics", "Sirenix.OdinInspector.Modules.UnityMathematics.csproj", "{51828dd3-d0a8-f9b6-2571-e380dff4627e}"
EndProject
Global
	GlobalSection(SolutionConfigurationPlatforms) = preSolution
		Debug|Any CPU = Debug|Any CPU
	EndGlobalSection
	GlobalSection(ProjectConfigurationPlatforms) = postSolution
		{cb047590-f7fd-6163-fd50-b570163e9f38}.Debug|Any CPU.ActiveCfg = Debug|Any CPU
		{cb047590-f7fd-6163-fd50-b570163e9f38}.Debug|Any CPU.Build.0 = Debug|Any CPU
		{e1ff029e-46dc-d2c4-d046-22453718b09a}.Debug|Any CPU.ActiveCfg = Debug|Any CPU
		{e1ff029e-46dc-d2c4-d046-22453718b09a}.Debug|Any CPU.Build.0 = Debug|Any CPU
		{51828dd3-d0a8-f9b6-2571-e380dff4627e}.Debug|Any CPU.ActiveCfg = Debug|Any CPU
		{51828dd3-d0a8-f9b6-2571-e380dff4627e}.Debug|Any CPU.Build.0 = Debug|Any CPU
	EndGlobalSection
	GlobalSection(SolutionProperties) = preSolution
		HideSolutionNode = FALSE
	EndGlobalSection
EndGlobal
